
Microsoft Visual Studio Solution File, Format Version 12.00
# Visual Studio 2012
Project("{FAE04EC0-301F-11D3-BF4B-00C04F79EFBC}") = "CLRCrypto", "CLRCrypto\CLRCrypto.csproj", "{2556D84F-E519-4838-8DEB-889C2D84D409}"
EndProject
Global
	GlobalSection(SolutionConfigurationPlatforms) = preSolution
		Debug|Any CPU = Debug|Any CPU
		Release|Any CPU = Release|Any CPU
	EndGlobalSection
	GlobalSection(ProjectConfigurationPlatforms) = postSolution
		{2556D84F-E519-4838-8DEB-889C2D84D409}.Debug|Any CPU.ActiveCfg = Debug|Any CPU
		{2556D84F-E519-4838-8DEB-889C2D84D409}.Debug|Any CPU.Build.0 = Debug|Any CPU
		{2556D84F-E519-4838-8DEB-889C2D84D409}.Release|Any CPU.ActiveCfg = Release|Any CPU
		{2556D84F-E519-4838-8DEB-889C2D84D409}.Release|Any CPU.Build.0 = Release|Any CPU
	EndGlobalSection
	GlobalSection(SolutionProperties) = preSolution
		HideSolutionNode = FALSE
	EndGlobalSection
EndGlobal
